// !$*UTF8*$!
{
	archiveVersion = 1;
	classes = {
	};
	objectVersion = 56;
	objects = {

/* Begin PBXBuildFile section */
		73A1413B2C91754B0018004A /* LoremIpsumApp.swift in Sources */ = {isa = PBXBuildFile; fileRef = 73A1413A2C91754B0018004A /* LoremIpsumApp.swift */; };
		73A1413D2C91754B0018004A /* ContentView.swift in Sources */ = {isa = PBXBuildFile; fileRef = 73A1413C2C91754B0018004A /* ContentView.swift */; };
		73A1413F2C91754C0018004A /* Assets.xcassets in Resources */ = {isa = PBXBuildFile; fileRef = 73A1413E2C91754C0018004A /* Assets.xcassets */; };
		73A141422C91754C0018004A /* Preview Assets.xcassets in Resources */ = {isa = PBXBuildFile; fileRef = 73A141412C91754C0018004A /* Preview Assets.xcassets */; };
		73A1414C2C91754C0018004A /* LoremIpsumTests.swift in Sources */ = {isa = PBXBuildFile; fileRef = 73A1414B2C91754C0018004A /* LoremIpsumTests.swift */; };
		73A141562C91754C0018004A /* LoremIpsumUITests.swift in Sources */ = {isa = PBXBuildFile; fileRef = 73A141552C91754C0018004A /* LoremIpsumUITests.swift */; };
		73A141582C91754C0018004A /* LoremIpsumUITestsLaunchTests.swift in Sources */ = {isa = PBXBuildFile; fileRef = 73A141572C91754C0018004A /* LoremIpsumUITestsLaunchTests.swift */; };
/* End PBXBuildFile section */

/* Begin PBXContainerItemProxy section */
		73A141482C91754C0018004A /* PBXContainerItemProxy */ = {
			isa = PBXContainerItemProxy;
			containerPortal = 73A1412F2C91754B0018004A /* Project object */;
			proxyType = 1;
			remoteGlobalIDString = 73A141362C91754B0018004A;
			remoteInfo = LoremIpsum;
		};
		73A141522C91754C0018004A /* PBXContainerItemProxy */ = {
			isa = PBXContainerItemProxy;
			containerPortal = 73A1412F2C91754B0018004A /* Project object */;
			proxyType = 1;
			remoteGlobalIDString = 73A141362C91754B0018004A;
			remoteInfo = LoremIpsum;
		};
/* End PBXContainerItemProxy section */

/* Begin PBXFileReference section */
		73A141372C91754B0018004A /* LoremIpsum.app */ = {isa = PBXFileReference; explicitFileType = wrapper.application; includeInIndex = 0; path = LoremIpsum.app; sourceTree = BUILT_PRODUCTS_DIR; };
		73A1413A2C91754B0018004A /* LoremIpsumApp.swift */ = {isa = PBXFileReference; lastKnownFileType = sourcecode.swift; path = LoremIpsumApp.swift; sourceTree = "<group>"; };
		73A1413C2C91754B0018004A /* ContentView.swift */ = {isa = PBXFileReference; lastKnownFileType = sourcecode.swift; path = ContentView.swift; sourceTree = "<group>"; };
		73A1413E2C91754C0018004A /* Assets.xcassets */ = {isa = PBXFileReference; lastKnownFileType = folder.assetcatalog; path = Assets.xcassets; sourceTree = "<group>"; };
		73A141412C91754C0018004A /* Preview Assets.xcassets */ = {isa = PBXFileReference; lastKnownFileType = folder.assetcatalog; path = "Preview Assets.xcassets"; sourceTree = "<group>"; };
		73A141472C91754C0018004A /* LoremIpsumTests.xctest */ = {isa = PBXFileReference; explicitFileType = wrapper.cfbundle; includeInIndex = 0; path = LoremIpsumTests.xctest; sourceTree = BUILT_PRODUCTS_DIR; };
		73A1414B2C91754C0018004A /* LoremIpsumTests.swift */ = {isa = PBXFileReference; lastKnownFileType = sourcecode.swift; path = LoremIpsumTests.swift; sourceTree = "<group>"; };
		73A141512C91754C0018004A /* LoremIpsumUITests.xctest */ = {isa = PBXFileReference; explicitFileType = wrapper.cfbundle; includeInIndex = 0; path = LoremIpsumUITests.xctest; sourceTree = BUILT_PRODUCTS_DIR; };
		73A141552C91754C0018004A /* LoremIpsumUITests.swift */ = {isa = PBXFileReference; lastKnownFileType = sourcecode.swift; path = LoremIpsumUITests.swift; sourceTree = "<group>"; };
		73A141572C91754C0018004A /* LoremIpsumUITestsLaunchTests.swift */ = {isa = PBXFileReference; lastKnownFileType = sourcecode.swift; path = LoremIpsumUITestsLaunchTests.swift; sourceTree = "<group>"; };
/* End PBXFileReference section */

/* Begin PBXFrameworksBuildPhase section */
		73A141342C91754B0018004A /* Frameworks */ = {
			isa = PBXFrameworksBuildPhase;
			buildActionMask = 2147483647;
			files = (
			);
			runOnlyForDeploymentPostprocessing = 0;
		};
		73A141442C91754C0018004A /* Frameworks */ = {
			isa = PBXFrameworksBuildPhase;
			buildActionMask = 2147483647;
			files = (
			);
			runOnlyForDeploymentPostprocessing = 0;
		};
		73A1414E2C91754C0018004A /* Frameworks */ = {
			isa = PBXFrameworksBuildPhase;
			buildActionMask = 2147483647;
			files = (
			);
			runOnlyForDeploymentPostprocessing = 0;
		};
/* End PBXFrameworksBuildPhase section */

/* Begin PBXGroup section */
		73A1412E2C91754B0018004A = {
			isa = PBXGroup;
			children = (
				73A141392C91754B0018004A /* LoremIpsum */,
				73A1414A2C91754C0018004A /* LoremIpsumTests */,
				73A141542C91754C0018004A /* LoremIpsumUITests */,
				73A141382C91754B0018004A /* Products */,
			);
			sourceTree = "<group>";
		};
		73A141382C91754B0018004A /* Products */ = {
			isa = PBXGroup;
			children = (
				73A141372C91754B0018004A /* LoremIpsum.app */,
				73A141472C91754C0018004A /* LoremIpsumTests.xctest */,
				73A141512C91754C0018004A /* LoremIpsumUITests.xctest */,
			);
			name = Products;
			sourceTree = "<group>";
		};
		73A141392C91754B0018004A /* LoremIpsum */ = {
			isa = PBXGroup;
			children = (
				73A1413A2C91754B0018004A /* LoremIpsumApp.swift */,
				73A1413C2C91754B0018004A /* ContentView.swift */,
				73A1413E2C91754C0018004A /* Assets.xcassets */,
				73A141402C91754C0018004A /* Preview Content */,
			);
			path = LoremIpsum;
			sourceTree = "<group>";
		};
		73A141402C91754C0018004A /* Preview Content */ = {
			isa = PBXGroup;
			children = (
				73A141412C91754C0018004A /* Preview Assets.xcassets */,
			);
			path = "Preview Content";
			sourceTree = "<group>";
		};
		73A1414A2C91754C0018004A /* LoremIpsumTests */ = {
			isa = PBXGroup;
			children = (
				73A1414B2C91754C0018004A /* LoremIpsumTests.swift */,
			);
			path = LoremIpsumTests;
			sourceTree = "<group>";
		};
		73A141542C91754C0018004A /* LoremIpsumUITests */ = {
			isa = PBXGroup;
			children = (
				73A141552C91754C0018004A /* LoremIpsumUITests.swift */,
				73A141572C91754C0018004A /* LoremIpsumUITestsLaunchTests.swift */,
			);
			path = LoremIpsumUITests;
			sourceTree = "<group>";
		};
/* End PBXGroup section */

/* Begin PBXNativeTarget section */
		73A141362C91754B0018004A /* LoremIpsum */ = {
			isa = PBXNativeTarget;
			buildConfigurationList = 73A1415B2C91754C0018004A /* Build configuration list for PBXNativeTarget "LoremIpsum" */;
			buildPhases = (
				73A141332C91754B0018004A /* Sources */,
				73A141342C91754B0018004A /* Frameworks */,
				73A141352C91754B0018004A /* Resources */,
			);
			buildRules = (
			);
			dependencies = (
			);
			name = LoremIpsum;
			productName = LoremIpsum;
			productReference = 73A141372C91754B0018004A /* LoremIpsum.app */;
			productType = "com.apple.product-type.application";
		};
		73A141462C91754C0018004A /* LoremIpsumTests */ = {
			isa = PBXNativeTarget;
			buildConfigurationList = 73A1415E2C91754C0018004A /* Build configuration list for PBXNativeTarget "LoremIpsumTests" */;
			buildPhases = (
				73A141432C91754C0018004A /* Sources */,
				73A141442C91754C0018004A /* Frameworks */,
				73A141452C91754C0018004A /* Resources */,
			);
			buildRules = (
			);
			dependencies = (
				73A141492C91754C0018004A /* PBXTargetDependency */,
			);
			name = LoremIpsumTests;
			productName = LoremIpsumTests;
			productReference = 73A141472C91754C0018004A /* LoremIpsumTests.xctest */;
			productType = "com.apple.product-type.bundle.unit-test";
		};
		73A141502C91754C0018004A /* LoremIpsumUITests */ = {
			isa = PBXNativeTarget;
			buildConfigurationList = 73A141612C91754C0018004A /* Build configuration list for PBXNativeTarget "LoremIpsumUITests" */;
			buildPhases = (
				73A1414D2C91754C0018004A /* Sources */,
				73A1414E2C91754C0018004A /* Frameworks */,
				73A1414F2C91754C0018004A /* Resources */,
			);
			buildRules = (
			);
			dependencies = (
				73A141532C91754C0018004A /* PBXTargetDependency */,
			);
			name = LoremIpsumUITests;
			productName = LoremIpsumUITests;
			productReference = 73A141512C91754C0018004A /* LoremIpsumUITests.xctest */;
			productType = "com.apple.product-type.bundle.ui-testing";
		};
/* End PBXNativeTarget section */

/* Begin PBXProject section */
		73A1412F2C91754B0018004A /* Project object */ = {
			isa = PBXProject;
			attributes = {
				BuildIndependentTargetsInParallel = 1;
				LastSwiftUpdateCheck = 1540;
				LastUpgradeCheck = 1540;
				TargetAttributes = {
					73A141362C91754B0018004A = {
						CreatedOnToolsVersion = 15.4;
					};
					73A141462C91754C0018004A = {
						CreatedOnToolsVersion = 15.4;
						TestTargetID = 73A141362C91754B0018004A;
					};
					73A141502C91754C0018004A = {
						CreatedOnToolsVersion = 15.4;
						TestTargetID = 73A141362C91754B0018004A;
					};
				};
			};
			buildConfigurationList = 73A141322C91754B0018004A /* Build configuration list for PBXProject "LoremIpsum" */;
			compatibilityVersion = "Xcode 14.0";
			developmentRegion = en;
			hasScannedForEncodings = 0;
			knownRegions = (
				en,
				Base,
			);
			mainGroup = 73A1412E2C91754B0018004A;
			productRefGroup = 73A141382C91754B0018004A /* Products */;
			projectDirPath = "";
			projectRoot = "";
			targets = (
				73A141362C91754B0018004A /* LoremIpsum */,
				73A141462C91754C0018004A /* LoremIpsumTests */,
				73A141502C91754C0018004A /* LoremIpsumUITests */,
			);
		};
/* End PBXProject section */

/* Begin PBXResourcesBuildPhase section */
		73A141352C91754B0018004A /* Resources */ = {
			isa = PBXResourcesBuildPhase;
			buildActionMask = 2147483647;
			files = (
				73A141422C91754C0018004A /* Preview Assets.xcassets in Resources */,
				73A1413F2C91754C0018004A /* Assets.xcassets in Resources */,
			);
			runOnlyForDeploymentPostprocessing = 0;
		};
		73A141452C91754C0018004A /* Resources */ = {
			isa = PBXResourcesBuildPhase;
			buildActionMask = 2147483647;
			files = (
			);
			runOnlyForDeploymentPostprocessing = 0;
		};
		73A1414F2C91754C0018004A /* Resources */ = {
			isa = PBXResourcesBuildPhase;
			buildActionMask = 2147483647;
			files = (
			);
			runOnlyForDeploymentPostprocessing = 0;
		};
/* End PBXResourcesBuildPhase section */

/* Begin PBXSourcesBuildPhase section */
		73A141332C91754B0018004A /* Sources */ = {
			isa = PBXSourcesBuildPhase;
			buildActionMask = 2147483647;
			files = (
				73A1413D2C91754B0018004A /* ContentView.swift in Sources */,
				73A1413B2C91754B0018004A /* LoremIpsumApp.swift in Sources */,
			);
			runOnlyForDeploymentPostprocessing = 0;
		};
		73A141432C91754C0018004A /* Sources */ = {
			isa = PBXSourcesBuildPhase;
			buildActionMask = 2147483647;
			files = (
				73A1414C2C91754C0018004A /* LoremIpsumTests.swift in Sources */,
			);
			runOnlyForDeploymentPostprocessing = 0;
		};
		73A1414D2C91754C0018004A /* Sources */ = {
			isa = PBXSourcesBuildPhase;
			buildActionMask = 2147483647;
			files = (
				73A141562C91754C0018004A /* LoremIpsumUITests.swift in Sources */,
				73A141582C91754C0018004A /* LoremIpsumUITestsLaunchTests.swift in Sources */,
			);
			runOnlyForDeploymentPostprocessing = 0;
		};
/* End PBXSourcesBuildPhase section */

/* Begin PBXTargetDependency section */
		73A141492C91754C0018004A /* PBXTargetDependency */ = {
			isa = PBXTargetDependency;
			target = 73A141362C91754B0018004A /* LoremIpsum */;
			targetProxy = 73A141482C91754C0018004A /* PBXContainerItemProxy */;
		};
		73A141532C91754C0018004A /* PBXTargetDependency */ = {
			isa = PBXTargetDependency;
			target = 73A141362C91754B0018004A /* LoremIpsum */;
			targetProxy = 73A141522C91754C0018004A /* PBXContainerItemProxy */;
		};
/* End PBXTargetDependency section */

/* Begin XCBuildConfiguration section */
		73A141592C91754C0018004A /* Debug */ = {
			isa = XCBuildConfiguration;
			buildSettings = {
				ALWAYS_SEARCH_USER_PATHS = NO;
				ASSETCATALOG_COMPILER_GENERATE_SWIFT_ASSET_SYMBOL_EXTENSIONS = YES;
				CLANG_ANALYZER_NONNULL = YES;
				CLANG_ANALYZER_NUMBER_OBJECT_CONVERSION = YES_AGGRESSIVE;
				CLANG_CXX_LANGUAGE_STANDARD = "gnu++20";
				CLANG_ENABLE_MODULES = YES;
				CLANG_ENABLE_OBJC_ARC = YES;
				CLANG_ENABLE_OBJC_WEAK = YES;
				CLANG_WARN_BLOCK_CAPTURE_AUTORELEASING = YES;
				CLANG_WARN_BOOL_CONVERSION = YES;
				CLANG_WARN_COMMA = YES;
				CLANG_WARN_CONSTANT_CONVERSION = YES;
				CLANG_WARN_DEPRECATED_OBJC_IMPLEMENTATIONS = YES;
				CLANG_WARN_DIRECT_OBJC_ISA_USAGE = YES_ERROR;
				CLANG_WARN_DOCUMENTATION_COMMENTS = YES;
				CLANG_WARN_EMPTY_BODY = YES;
				CLANG_WARN_ENUM_CONVERSION = YES;
				CLANG_WARN_INFINITE_RECURSION = YES;
				CLANG_WARN_INT_CONVERSION = YES;
				CLANG_WARN_NON_LITERAL_NULL_CONVERSION = YES;
				CLANG_WARN_OBJC_IMPLICIT_RETAIN_SELF = YES;
				CLANG_WARN_OBJC_LITERAL_CONVERSION = YES;
				CLANG_WARN_OBJC_ROOT_CLASS = YES_ERROR;
				CLANG_WARN_QUOTED_INCLUDE_IN_FRAMEWORK_HEADER = YES;
				CLANG_WARN_RANGE_LOOP_ANALYSIS = YES;
				CLANG_WARN_STRICT_PROTOTYPES = YES;
				CLANG_WARN_SUSPICIOUS_MOVE = YES;
				CLANG_WARN_UNGUARDED_AVAILABILITY = YES_AGGRESSIVE;
				CLANG_WARN_UNREACHABLE_CODE = YES;
				CLANG_WARN__DUPLICATE_METHOD_MATCH = YES;
				COPY_PHASE_STRIP = NO;
				DEBUG_INFORMATION_FORMAT = dwarf;
				ENABLE_STRICT_OBJC_MSGSEND = YES;
				ENABLE_TESTABILITY = YES;
				ENABLE_USER_SCRIPT_SANDBOXING = YES;
				GCC_C_LANGUAGE_STANDARD = gnu17;
				GCC_DYNAMIC_NO_PIC = NO;
				GCC_NO_COMMON_BLOCKS = YES;
				GCC_OPTIMIZATION_LEVEL = 0;
				GCC_PREPROCESSOR_DEFINITIONS = (
					"DEBUG=1",
					"$(inherited)",
				);
				GCC_WARN_64_TO_32_BIT_CONVERSION = YES;
				GCC_WARN_ABOUT_RETURN_TYPE = YES_ERROR;
				GCC_WARN_UNDECLARED_SELECTOR = YES;
				GCC_WARN_UNINITIALIZED_AUTOS = YES_AGGRESSIVE;
				GCC_WARN_UNUSED_FUNCTION = YES;
				GCC_WARN_UNUSED_VARIABLE = YES;
				IPHONEOS_DEPLOYMENT_TARGET = 17.5;
				LOCALIZATION_PREFERS_STRING_CATALOGS = YES;
				MTL_ENABLE_DEBUG_INFO = INCLUDE_SOURCE;
				MTL_FAST_MATH = YES;
				ONLY_ACTIVE_ARCH = YES;
				SDKROOT = iphoneos;
				SWIFT_ACTIVE_COMPILATION_CONDITIONS = "DEBUG $(inherited)";
				SWIFT_OPTIMIZATION_LEVEL = "-Onone";
			};
			name = Debug;
		};
		73A1415A2C91754C0018004A /* Release */ = {
			isa = XCBuildConfiguration;
			buildSettings = {
				ALWAYS_SEARCH_USER_PATHS = NO;
				ASSETCATALOG_COMPILER_GENERATE_SWIFT_ASSET_SYMBOL_EXTENSIONS = YES;
				CLANG_ANALYZER_NONNULL = YES;
				CLANG_ANALYZER_NUMBER_OBJECT_CONVERSION = YES_AGGRESSIVE;
				CLANG_CXX_LANGUAGE_STANDARD = "gnu++20";
				CLANG_ENABLE_MODULES = YES;
				CLANG_ENABLE_OBJC_ARC = YES;
				CLANG_ENABLE_OBJC_WEAK = YES;
				CLANG_WARN_BLOCK_CAPTURE_AUTORELEASING = YES;
				CLANG_WARN_BOOL_CONVERSION = YES;
				CLANG_WARN_COMMA = YES;
				CLANG_WARN_CONSTANT_CONVERSION = YES;
				CLANG_WARN_DEPRECATED_OBJC_IMPLEMENTATIONS = YES;
				CLANG_WARN_DIRECT_OBJC_ISA_USAGE = YES_ERROR;
				CLANG_WARN_DOCUMENTATION_COMMENTS = YES;
				CLANG_WARN_EMPTY_BODY = YES;
				CLANG_WARN_ENUM_CONVERSION = YES;
				CLANG_WARN_INFINITE_RECURSION = YES;
				CLANG_WARN_INT_CONVERSION = YES;
				CLANG_WARN_NON_LITERAL_NULL_CONVERSION = YES;
				CLANG_WARN_OBJC_IMPLICIT_RETAIN_SELF = YES;
				CLANG_WARN_OBJC_LITERAL_CONVERSION = YES;
				CLANG_WARN_OBJC_ROOT_CLASS = YES_ERROR;
				CLANG_WARN_QUOTED_INCLUDE_IN_FRAMEWORK_HEADER = YES;
				CLANG_WARN_RANGE_LOOP_ANALYSIS = YES;
				CLANG_WARN_STRICT_PROTOTYPES = YES;
				CLANG_WARN_SUSPICIOUS_MOVE = YES;
				CLANG_WARN_UNGUARDED_AVAILABILITY = YES_AGGRESSIVE;
				CLANG_WARN_UNREACHABLE_CODE = YES;
				CLANG_WARN__DUPLICATE_METHOD_MATCH = YES;
				COPY_PHASE_STRIP = NO;
				DEBUG_INFORMATION_FORMAT = "dwarf-with-dsym";
				ENABLE_NS_ASSERTIONS = NO;
				ENABLE_STRICT_OBJC_MSGSEND = YES;
				ENABLE_USER_SCRIPT_SANDBOXING = YES;
				GCC_C_LANGUAGE_STANDARD = gnu17;
				GCC_NO_COMMON_BLOCKS = YES;
				GCC_WARN_64_TO_32_BIT_CONVERSION = YES;
				GCC_WARN_ABOUT_RETURN_TYPE = YES_ERROR;
				GCC_WARN_UNDECLARED_SELECTOR = YES;
				GCC_WARN_UNINITIALIZED_AUTOS = YES_AGGRESSIVE;
				GCC_WARN_UNUSED_FUNCTION = YES;
				GCC_WARN_UNUSED_VARIABLE = YES;
				IPHONEOS_DEPLOYMENT_TARGET = 17.5;
				LOCALIZATION_PREFERS_STRING_CATALOGS = YES;
				MTL_ENABLE_DEBUG_INFO = NO;
				MTL_FAST_MATH = YES;
				SDKROOT = iphoneos;
				SWIFT_COMPILATION_MODE = wholemodule;
				VALIDATE_PRODUCT = YES;
			};
			name = Release;
		};
		73A1415C2C91754C0018004A /* Debug */ = {
			isa = XCBuildConfiguration;
			buildSettings = {
				ASSETCATALOG_COMPILER_APPICON_NAME = AppIcon;
				ASSETCATALOG_COMPILER_GLOBAL_ACCENT_COLOR_NAME = AccentColor;
				CODE_SIGN_STYLE = Automatic;
				CURRENT_PROJECT_VERSION = 1;
				DEVELOPMENT_ASSET_PATHS = "\"LoremIpsum/Preview Content\"";
				ENABLE_PREVIEWS = YES;
				GENERATE_INFOPLIST_FILE = YES;
				INFOPLIST_KEY_UIApplicationSceneManifest_Generation = YES;
				INFOPLIST_KEY_UIApplicationSupportsIndirectInputEvents = YES;
				INFOPLIST_KEY_UILaunchScreen_Generation = YES;
				INFOPLIST_KEY_UISupportedInterfaceOrientations_iPad = "UIInterfaceOrientationPortrait UIInterfaceOrientationPortraitUpsideDown UIInterfaceOrientationLandscapeLeft UIInterfaceOrientationLandscapeRight";
				INFOPLIST_KEY_UISupportedInterfaceOrientations_iPhone = "UIInterfaceOrientationPortrait UIInterfaceOrientationLandscapeLeft UIInterfaceOrientationLandscapeRight";
				LD_RUNPATH_SEARCH_PATHS = (
					"$(inherited)",
					"@executable_path/Frameworks",
				);
				MARKETING_VERSION = 1.0;
				PRODUCT_BUNDLE_IDENTIFIER = "ingvar-dev.LoremIpsum";
				PRODUCT_NAME = "$(TARGET_NAME)";
				SWIFT_EMIT_LOC_STRINGS = YES;
				SWIFT_VERSION = 5.0;
				TARGETED_DEVICE_FAMILY = "1,2";
			};
			name = Debug;
		};
		73A1415D2C91754C0018004A /* Release */ = {
			isa = XCBuildConfiguration;
			buildSettings = {
				ASSETCATALOG_COMPILER_APPICON_NAME = AppIcon;
				ASSETCATALOG_COMPILER_GLOBAL_ACCENT_COLOR_NAME = AccentColor;
				CODE_SIGN_STYLE = Automatic;
				CURRENT_PROJECT_VERSION = 1;
				DEVELOPMENT_ASSET_PATHS = "\"LoremIpsum/Preview Content\"";
				ENABLE_PREVIEWS = YES;
				GENERATE_INFOPLIST_FILE = YES;
				INFOPLIST_KEY_UIApplicationSceneManifest_Generation = YES;
				INFOPLIST_KEY_UIApplicationSupportsIndirectInputEvents = YES;
				INFOPLIST_KEY_UILaunchScreen_Generation = YES;
				INFOPLIST_KEY_UISupportedInterfaceOrientations_iPad = "UIInterfaceOrientationPortrait UIInterfaceOrientationPortraitUpsideDown UIInterfaceOrientationLandscapeLeft UIInterfaceOrientationLandscapeRight";
				INFOPLIST_KEY_UISupportedInterfaceOrientations_iPhone = "UIInterfaceOrientationPortrait UIInterfaceOrientationLandscapeLeft UIInterfaceOrientationLandscapeRight";
				LD_RUNPATH_SEARCH_PATHS = (
					"$(inherited)",
					"@executable_path/Frameworks",
				);
				MARKETING_VERSION = 1.0;
				PRODUCT_BUNDLE_IDENTIFIER = "ingvar-dev.LoremIpsum";
				PRODUCT_NAME = "$(TARGET_NAME)";
				SWIFT_EMIT_LOC_STRINGS = YES;
				SWIFT_VERSION = 5.0;
				TARGETED_DEVICE_FAMILY = "1,2";
			};
			name = Release;
		};
		73A1415F2C91754C0018004A /* Debug */ = {
			isa = XCBuildConfiguration;
			buildSettings = {
				ALWAYS_EMBED_SWIFT_STANDARD_LIBRARIES = YES;
				BUNDLE_LOADER = "$(TEST_HOST)";
				CODE_SIGN_STYLE = Automatic;
				CURRENT_PROJECT_VERSION = 1;
				GENERATE_INFOPLIST_FILE = YES;
				IPHONEOS_DEPLOYMENT_TARGET = 17.5;
				MARKETING_VERSION = 1.0;
				PRODUCT_BUNDLE_IDENTIFIER = "ingvar-dev.LoremIpsumTests";
				PRODUCT_NAME = "$(TARGET_NAME)";
				SWIFT_EMIT_LOC_STRINGS = NO;
				SWIFT_VERSION = 5.0;
				TARGETED_DEVICE_FAMILY = "1,2";
				TEST_HOST = "$(BUILT_PRODUCTS_DIR)/LoremIpsum.app/$(BUNDLE_EXECUTABLE_FOLDER_PATH)/LoremIpsum";
			};
			name = Debug;
		};
		73A141602C91754C0018004A /* Release */ = {
			isa = XCBuildConfiguration;
			buildSettings = {
				ALWAYS_EMBED_SWIFT_STANDARD_LIBRARIES = YES;
				BUNDLE_LOADER = "$(TEST_HOST)";
				CODE_SIGN_STYLE = Automatic;
				CURRENT_PROJECT_VERSION = 1;
				GENERATE_INFOPLIST_FILE = YES;
				IPHONEOS_DEPLOYMENT_TARGET = 17.5;
				MARKETING_VERSION = 1.0;
				PRODUCT_BUNDLE_IDENTIFIER = "ingvar-dev.LoremIpsumTests";
				PRODUCT_NAME = "$(TARGET_NAME)";
				SWIFT_EMIT_LOC_STRINGS = NO;
				SWIFT_VERSION = 5.0;
				TARGETED_DEVICE_FAMILY = "1,2";
				TEST_HOST = "$(BUILT_PRODUCTS_DIR)/LoremIpsum.app/$(BUNDLE_EXECUTABLE_FOLDER_PATH)/LoremIpsum";
			};
			name = Release;
		};
		73A141622C91754C0018004A /* Debug */ = {
			isa = XCBuildConfiguration;
			buildSettings = {
				ALWAYS_EMBED_SWIFT_STANDARD_LIBRARIES = YES;
				CODE_SIGN_STYLE = Automatic;
				CURRENT_PROJECT_VERSION = 1;
				GENERATE_INFOPLIST_FILE = YES;
				MARKETING_VERSION = 1.0;
				PRODUCT_BUNDLE_IDENTIFIER = "ingvar-dev.LoremIpsumUITests";
				PRODUCT_NAME = "$(TARGET_NAME)";
				SWIFT_EMIT_LOC_STRINGS = NO;
				SWIFT_VERSION = 5.0;
				TARGETED_DEVICE_FAMILY = "1,2";
				TEST_TARGET_NAME = LoremIpsum;
			};
			name = Debug;
		};
		73A141632C91754C0018004A /* Release */ = {
			isa = XCBuildConfiguration;
			buildSettings = {
				ALWAYS_EMBED_SWIFT_STANDARD_LIBRARIES = YES;
				CODE_SIGN_STYLE = Automatic;
				CURRENT_PROJECT_VERSION = 1;
				GENERATE_INFOPLIST_FILE = YES;
				MARKETING_VERSION = 1.0;
				PRODUCT_BUNDLE_IDENTIFIER = "ingvar-dev.LoremIpsumUITests";
				PRODUCT_NAME = "$(TARGET_NAME)";
				SWIFT_EMIT_LOC_STRINGS = NO;
				SWIFT_VERSION = 5.0;
				TARGETED_DEVICE_FAMILY = "1,2";
				TEST_TARGET_NAME = LoremIpsum;
			};
			name = Release;
		};
/* End XCBuildConfiguration section */

/* Begin XCConfigurationList section */
		73A141322C91754B0018004A /* Build configuration list for PBXProject "LoremIpsum" */ = {
			isa = XCConfigurationList;
			buildConfigurations = (
				73A141592C91754C0018004A /* Debug */,
				73A1415A2C91754C0018004A /* Release */,
			);
			defaultConfigurationIsVisible = 0;
			defaultConfigurationName = Release;
		};
		73A1415B2C91754C0018004A /* Build configuration list for PBXNativeTarget "LoremIpsum" */ = {
			isa = XCConfigurationList;
			buildConfigurations = (
				73A1415C2C91754C0018004A /* Debug */,
				73A1415D2C91754C0018004A /* Release */,
			);
			defaultConfigurationIsVisible = 0;
			defaultConfigurationName = Release;
		};
		73A1415E2C91754C0018004A /* Build configuration list for PBXNativeTarget "LoremIpsumTests" */ = {
			isa = XCConfigurationList;
			buildConfigurations = (
				73A1415F2C91754C0018004A /* Debug */,
				73A141602C91754C0018004A /* Release */,
			);
			defaultConfigurationIsVisible = 0;
			defaultConfigurationName = Release;
		};
		73A141612C91754C0018004A /* Build configuration list for PBXNativeTarget "LoremIpsumUITests" */ = {
			isa = XCConfigurationList;
			buildConfigurations = (
				73A141622C91754C0018004A /* Debug */,
				73A141632C91754C0018004A /* Release */,
			);
			defaultConfigurationIsVisible = 0;
			defaultConfigurationName = Release;
		};
/* End XCConfigurationList section */
	};
	rootObject = 73A1412F2C91754B0018004A /* Project object */;
}
